
Microsoft Visual Studio Solution File, Format Version 12.00
# Visual Studio 15
VisualStudioVersion = 15.0.26730.16
MinimumVisualStudioVersion = 10.0.40219.1
Project("{FAE04EC0-301F-11D3-BF4B-00C04F79EFBC}") = "Streams", "Streams\Streams.csproj", "{AFC8D52A-AC8F-4FA8-9A4F-0501C078E065}"
EndProject
Global
	GlobalSection(SolutionConfigurationPlatforms) = preSolution
		Debug|Any CPU = Debug|Any CPU
		Release|Any CPU = Release|Any CPU
	EndGlobalSection
	GlobalSection(ProjectConfigurationPlatforms) = postSolution
		{AFC8D52A-AC8F-4FA8-9A4F-0501C078E065}.Debug|Any CPU.ActiveCfg = Debug|Any CPU
		{AFC8D52A-AC8F-4FA8-9A4F-0501C078E065}.Debug|Any CPU.Build.0 = Debug|Any CPU
		{AFC8D52A-AC8F-4FA8-9A4F-0501C078E065}.Release|Any CPU.ActiveCfg = Release|Any CPU
		{AFC8D52A-AC8F-4FA8-9A4F-0501C078E065}.Release|Any CPU.Build.0 = Release|Any CPU
	EndGlobalSection
	GlobalSection(SolutionProperties) = preSolution
		HideSolutionNode = FALSE
	EndGlobalSection
	GlobalSection(ExtensibilityGlobals) = postSolution
		SolutionGuid = {E1AAF256-A2E0-47F8-AD07-3948A60A0F22}
	EndGlobalSection
EndGlobal
